// !$*UTF8*$!
{
	archiveVersion = 1;
	classes = {
	};
	objectVersion = 55;
	objects = {

/* Begin PBXBuildFile section */
		032EF14427E44FFD007F2A77 /* SampleRangeSliderApp.swift in Sources */ = {isa = PBXBuildFile; fileRef = 032EF14327E44FFD007F2A77 /* SampleRangeSliderApp.swift */; };
		032EF14627E44FFD007F2A77 /* ContentView.swift in Sources */ = {isa = PBXBuildFile; fileRef = 032EF14527E44FFD007F2A77 /* ContentView.swift */; };
		032EF14827E44FFE007F2A77 /* Assets.xcassets in Resources */ = {isa = PBXBuildFile; fileRef = 032EF14727E44FFE007F2A77 /* Assets.xcassets */; };
		032EF14B27E44FFE007F2A77 /* Preview Assets.xcassets in Resources */ = {isa = PBXBuildFile; fileRef = 032EF14A27E44FFE007F2A77 /* Preview Assets.xcassets */; };
		032EF15527E44FFE007F2A77 /* SampleRangeSliderTests.swift in Sources */ = {isa = PBXBuildFile; fileRef = 032EF15427E44FFE007F2A77 /* SampleRangeSliderTests.swift */; };
		032EF15F27E44FFE007F2A77 /* SampleRangeSliderUITests.swift in Sources */ = {isa = PBXBuildFile; fileRef = 032EF15E27E44FFE007F2A77 /* SampleRangeSliderUITests.swift */; };
		032EF16127E44FFE007F2A77 /* SampleRangeSliderUITestsLaunchTests.swift in Sources */ = {isa = PBXBuildFile; fileRef = 032EF16027E44FFE007F2A77 /* SampleRangeSliderUITestsLaunchTests.swift */; };
		032EF16F27E4501C007F2A77 /* SliderHandleViewModel.swift in Sources */ = {isa = PBXBuildFile; fileRef = 032EF16E27E4501C007F2A77 /* SliderHandleViewModel.swift */; };
/* End PBXBuildFile section */

/* Begin PBXContainerItemProxy section */
		032EF15127E44FFE007F2A77 /* PBXContainerItemProxy */ = {
			isa = PBXContainerItemProxy;
			containerPortal = 032EF13827E44FFD007F2A77 /* Project object */;
			proxyType = 1;
			remoteGlobalIDString = 032EF13F27E44FFD007F2A77;
			remoteInfo = SampleRangeSlider;
		};
		032EF15B27E44FFE007F2A77 /* PBXContainerItemProxy */ = {
			isa = PBXContainerItemProxy;
			containerPortal = 032EF13827E44FFD007F2A77 /* Project object */;
			proxyType = 1;
			remoteGlobalIDString = 032EF13F27E44FFD007F2A77;
			remoteInfo = SampleRangeSlider;
		};
/* End PBXContainerItemProxy section */

/* Begin PBXFileReference section */
		032EF14027E44FFD007F2A77 /* SampleRangeSlider.app */ = {isa = PBXFileReference; explicitFileType = wrapper.application; includeInIndex = 0; path = SampleRangeSlider.app; sourceTree = BUILT_PRODUCTS_DIR; };
		032EF14327E44FFD007F2A77 /* SampleRangeSliderApp.swift */ = {isa = PBXFileReference; lastKnownFileType = sourcecode.swift; path = SampleRangeSliderApp.swift; sourceTree = "<group>"; };
		032EF14527E44FFD007F2A77 /* ContentView.swift */ = {isa = PBXFileReference; lastKnownFileType = sourcecode.swift; path = ContentView.swift; sourceTree = "<group>"; };
		032EF14727E44FFE007F2A77 /* Assets.xcassets */ = {isa = PBXFileReference; lastKnownFileType = folder.assetcatalog; path = Assets.xcassets; sourceTree = "<group>"; };
		032EF14A27E44FFE007F2A77 /* Preview Assets.xcassets */ = {isa = PBXFileReference; lastKnownFileType = folder.assetcatalog; path = "Preview Assets.xcassets"; sourceTree = "<group>"; };
		032EF15027E44FFE007F2A77 /* SampleRangeSliderTests.xctest */ = {isa = PBXFileReference; explicitFileType = wrapper.cfbundle; includeInIndex = 0; path = SampleRangeSliderTests.xctest; sourceTree = BUILT_PRODUCTS_DIR; };
		032EF15427E44FFE007F2A77 /* SampleRangeSliderTests.swift */ = {isa = PBXFileReference; lastKnownFileType = sourcecode.swift; path = SampleRangeSliderTests.swift; sourceTree = "<group>"; };
		032EF15A27E44FFE007F2A77 /* SampleRangeSliderUITests.xctest */ = {isa = PBXFileReference; explicitFileType = wrapper.cfbundle; includeInIndex = 0; path = SampleRangeSliderUITests.xctest; sourceTree = BUILT_PRODUCTS_DIR; };
		032EF15E27E44FFE007F2A77 /* SampleRangeSliderUITests.swift */ = {isa = PBXFileReference; lastKnownFileType = sourcecode.swift; path = SampleRangeSliderUITests.swift; sourceTree = "<group>"; };
		032EF16027E44FFE007F2A77 /* SampleRangeSliderUITestsLaunchTests.swift */ = {isa = PBXFileReference; lastKnownFileType = sourcecode.swift; path = SampleRangeSliderUITestsLaunchTests.swift; sourceTree = "<group>"; };
		032EF16E27E4501C007F2A77 /* SliderHandleViewModel.swift */ = {isa = PBXFileReference; fileEncoding = 4; lastKnownFileType = sourcecode.swift; path = SliderHandleViewModel.swift; sourceTree = "<group>"; };
/* End PBXFileReference section */

/* Begin PBXFrameworksBuildPhase section */
		032EF13D27E44FFD007F2A77 /* Frameworks */ = {
			isa = PBXFrameworksBuildPhase;
			buildActionMask = 2147483647;
			files = (
			);
			runOnlyForDeploymentPostprocessing = 0;
		};
		032EF14D27E44FFE007F2A77 /* Frameworks */ = {
			isa = PBXFrameworksBuildPhase;
			buildActionMask = 2147483647;
			files = (
			);
			runOnlyForDeploymentPostprocessing = 0;
		};
		032EF15727E44FFE007F2A77 /* Frameworks */ = {
			isa = PBXFrameworksBuildPhase;
			buildActionMask = 2147483647;
			files = (
			);
			runOnlyForDeploymentPostprocessing = 0;
		};
/* End PBXFrameworksBuildPhase section */

/* Begin PBXGroup section */
		032EF13727E44FFD007F2A77 = {
			isa = PBXGroup;
			children = (
				032EF14227E44FFD007F2A77 /* SampleRangeSlider */,
				032EF15327E44FFE007F2A77 /* SampleRangeSliderTests */,
				032EF15D27E44FFE007F2A77 /* SampleRangeSliderUITests */,
				032EF14127E44FFD007F2A77 /* Products */,
			);
			sourceTree = "<group>";
		};
		032EF14127E44FFD007F2A77 /* Products */ = {
			isa = PBXGroup;
			children = (
				032EF14027E44FFD007F2A77 /* SampleRangeSlider.app */,
				032EF15027E44FFE007F2A77 /* SampleRangeSliderTests.xctest */,
				032EF15A27E44FFE007F2A77 /* SampleRangeSliderUITests.xctest */,
			);
			name = Products;
			sourceTree = "<group>";
		};
		032EF14227E44FFD007F2A77 /* SampleRangeSlider */ = {
			isa = PBXGroup;
			children = (
				032EF16D27E4501C007F2A77 /* ViewModel */,
				032EF14327E44FFD007F2A77 /* SampleRangeSliderApp.swift */,
				032EF14527E44FFD007F2A77 /* ContentView.swift */,
				032EF14727E44FFE007F2A77 /* Assets.xcassets */,
				032EF14927E44FFE007F2A77 /* Preview Content */,
			);
			path = SampleRangeSlider;
			sourceTree = "<group>";
		};
		032EF14927E44FFE007F2A77 /* Preview Content */ = {
			isa = PBXGroup;
			children = (
				032EF14A27E44FFE007F2A77 /* Preview Assets.xcassets */,
			);
			path = "Preview Content";
			sourceTree = "<group>";
		};
		032EF15327E44FFE007F2A77 /* SampleRangeSliderTests */ = {
			isa = PBXGroup;
			children = (
				032EF15427E44FFE007F2A77 /* SampleRangeSliderTests.swift */,
			);
			path = SampleRangeSliderTests;
			sourceTree = "<group>";
		};
		032EF15D27E44FFE007F2A77 /* SampleRangeSliderUITests */ = {
			isa = PBXGroup;
			children = (
				032EF15E27E44FFE007F2A77 /* SampleRangeSliderUITests.swift */,
				032EF16027E44FFE007F2A77 /* SampleRangeSliderUITestsLaunchTests.swift */,
			);
			path = SampleRangeSliderUITests;
			sourceTree = "<group>";
		};
		032EF16D27E4501C007F2A77 /* ViewModel */ = {
			isa = PBXGroup;
			children = (
				032EF16E27E4501C007F2A77 /* SliderHandleViewModel.swift */,
			);
			path = ViewModel;
			sourceTree = "<group>";
		};
/* End PBXGroup section */

/* Begin PBXNativeTarget section */
		032EF13F27E44FFD007F2A77 /* SampleRangeSlider */ = {
			isa = PBXNativeTarget;
			buildConfigurationList = 032EF16427E44FFE007F2A77 /* Build configuration list for PBXNativeTarget "SampleRangeSlider" */;
			buildPhases = (
				032EF13C27E44FFD007F2A77 /* Sources */,
				032EF13D27E44FFD007F2A77 /* Frameworks */,
				032EF13E27E44FFD007F2A77 /* Resources */,
			);
			buildRules = (
			);
			dependencies = (
			);
			name = SampleRangeSlider;
			packageProductDependencies = (
			);
			productName = SampleRangeSlider;
			productReference = 032EF14027E44FFD007F2A77 /* SampleRangeSlider.app */;
			productType = "com.apple.product-type.application";
		};
		032EF14F27E44FFE007F2A77 /* SampleRangeSliderTests */ = {
			isa = PBXNativeTarget;
			buildConfigurationList = 032EF16727E44FFE007F2A77 /* Build configuration list for PBXNativeTarget "SampleRangeSliderTests" */;
			buildPhases = (
				032EF14C27E44FFE007F2A77 /* Sources */,
				032EF14D27E44FFE007F2A77 /* Frameworks */,
				032EF14E27E44FFE007F2A77 /* Resources */,
			);
			buildRules = (
			);
			dependencies = (
				032EF15227E44FFE007F2A77 /* PBXTargetDependency */,
			);
			name = SampleRangeSliderTests;
			productName = SampleRangeSliderTests;
			productReference = 032EF15027E44FFE007F2A77 /* SampleRangeSliderTests.xctest */;
			productType = "com.apple.product-type.bundle.unit-test";
		};
		032EF15927E44FFE007F2A77 /* SampleRangeSliderUITests */ = {
			isa = PBXNativeTarget;
			buildConfigurationList = 032EF16A27E44FFE007F2A77 /* Build configuration list for PBXNativeTarget "SampleRangeSliderUITests" */;
			buildPhases = (
				032EF15627E44FFE007F2A77 /* Sources */,
				032EF15727E44FFE007F2A77 /* Frameworks */,
				032EF15827E44FFE007F2A77 /* Resources */,
			);
			buildRules = (
			);
			dependencies = (
				032EF15C27E44FFE007F2A77 /* PBXTargetDependency */,
			);
			name = SampleRangeSliderUITests;
			productName = SampleRangeSliderUITests;
			productReference = 032EF15A27E44FFE007F2A77 /* SampleRangeSliderUITests.xctest */;
			productType = "com.apple.product-type.bundle.ui-testing";
		};
/* End PBXNativeTarget section */

/* Begin PBXProject section */
		032EF13827E44FFD007F2A77 /* Project object */ = {
			isa = PBXProject;
			attributes = {
				BuildIndependentTargetsInParallel = 1;
				LastSwiftUpdateCheck = 1320;
				LastUpgradeCheck = 1320;
				TargetAttributes = {
					032EF13F27E44FFD007F2A77 = {
						CreatedOnToolsVersion = 13.2.1;
					};
					032EF14F27E44FFE007F2A77 = {
						CreatedOnToolsVersion = 13.2.1;
						TestTargetID = 032EF13F27E44FFD007F2A77;
					};
					032EF15927E44FFE007F2A77 = {
						CreatedOnToolsVersion = 13.2.1;
						TestTargetID = 032EF13F27E44FFD007F2A77;
					};
				};
			};
			buildConfigurationList = 032EF13B27E44FFD007F2A77 /* Build configuration list for PBXProject "SampleRangeSlider" */;
			compatibilityVersion = "Xcode 13.0";
			developmentRegion = en;
			hasScannedForEncodings = 0;
			knownRegions = (
				en,
				Base,
			);
			mainGroup = 032EF13727E44FFD007F2A77;
			packageReferences = (
			);
			productRefGroup = 032EF14127E44FFD007F2A77 /* Products */;
			projectDirPath = "";
			projectRoot = "";
			targets = (
				032EF13F27E44FFD007F2A77 /* SampleRangeSlider */,
				032EF14F27E44FFE007F2A77 /* SampleRangeSliderTests */,
				032EF15927E44FFE007F2A77 /* SampleRangeSliderUITests */,
			);
		};
/* End PBXProject section */

/* Begin PBXResourcesBuildPhase section */
		032EF13E27E44FFD007F2A77 /* Resources */ = {
			isa = PBXResourcesBuildPhase;
			buildActionMask = 2147483647;
			files = (
				032EF14B27E44FFE007F2A77 /* Preview Assets.xcassets in Resources */,
				032EF14827E44FFE007F2A77 /* Assets.xcassets in Resources */,
			);
			runOnlyForDeploymentPostprocessing = 0;
		};
		032EF14E27E44FFE007F2A77 /* Resources */ = {
			isa = PBXResourcesBuildPhase;
			buildActionMask = 2147483647;
			files = (
			);
			runOnlyForDeploymentPostprocessing = 0;
		};
		032EF15827E44FFE007F2A77 /* Resources */ = {
			isa = PBXResourcesBuildPhase;
			buildActionMask = 2147483647;
			files = (
			);
			runOnlyForDeploymentPostprocessing = 0;
		};
/* End PBXResourcesBuildPhase section */

/* Begin PBXSourcesBuildPhase section */
		032EF13C27E44FFD007F2A77 /* Sources */ = {
			isa = PBXSourcesBuildPhase;
			buildActionMask = 2147483647;
			files = (
				032EF14627E44FFD007F2A77 /* ContentView.swift in Sources */,
				032EF16F27E4501C007F2A77 /* SliderHandleViewModel.swift in Sources */,
				032EF14427E44FFD007F2A77 /* SampleRangeSliderApp.swift in Sources */,
			);
			runOnlyForDeploymentPostprocessing = 0;
		};
		032EF14C27E44FFE007F2A77 /* Sources */ = {
			isa = PBXSourcesBuildPhase;
			buildActionMask = 2147483647;
			files = (
				032EF15527E44FFE007F2A77 /* SampleRangeSliderTests.swift in Sources */,
			);
			runOnlyForDeploymentPostprocessing = 0;
		};
		032EF15627E44FFE007F2A77 /* Sources */ = {
			isa = PBXSourcesBuildPhase;
			buildActionMask = 2147483647;
			files = (
				032EF15F27E44FFE007F2A77 /* SampleRangeSliderUITests.swift in Sources */,
				032EF16127E44FFE007F2A77 /* SampleRangeSliderUITestsLaunchTests.swift in Sources */,
			);
			runOnlyForDeploymentPostprocessing = 0;
		};
/* End PBXSourcesBuildPhase section */

/* Begin PBXTargetDependency section */
		032EF15227E44FFE007F2A77 /* PBXTargetDependency */ = {
			isa = PBXTargetDependency;
			target = 032EF13F27E44FFD007F2A77 /* SampleRangeSlider */;
			targetProxy = 032EF15127E44FFE007F2A77 /* PBXContainerItemProxy */;
		};
		032EF15C27E44FFE007F2A77 /* PBXTargetDependency */ = {
			isa = PBXTargetDependency;
			target = 032EF13F27E44FFD007F2A77 /* SampleRangeSlider */;
			targetProxy = 032EF15B27E44FFE007F2A77 /* PBXContainerItemProxy */;
		};
/* End PBXTargetDependency section */

/* Begin XCBuildConfiguration section */
		032EF16227E44FFE007F2A77 /* Debug */ = {
			isa = XCBuildConfiguration;
			buildSettings = {
				ALWAYS_SEARCH_USER_PATHS = NO;
				CLANG_ANALYZER_NONNULL = YES;
				CLANG_ANALYZER_NUMBER_OBJECT_CONVERSION = YES_AGGRESSIVE;
				CLANG_CXX_LANGUAGE_STANDARD = "gnu++17";
				CLANG_CXX_LIBRARY = "libc++";
				CLANG_ENABLE_MODULES = YES;
				CLANG_ENABLE_OBJC_ARC = YES;
				CLANG_ENABLE_OBJC_WEAK = YES;
				CLANG_WARN_BLOCK_CAPTURE_AUTORELEASING = YES;
				CLANG_WARN_BOOL_CONVERSION = YES;
				CLANG_WARN_COMMA = YES;
				CLANG_WARN_CONSTANT_CONVERSION = YES;
				CLANG_WARN_DEPRECATED_OBJC_IMPLEMENTATIONS = YES;
				CLANG_WARN_DIRECT_OBJC_ISA_USAGE = YES_ERROR;
				CLANG_WARN_DOCUMENTATION_COMMENTS = YES;
				CLANG_WARN_EMPTY_BODY = YES;
				CLANG_WARN_ENUM_CONVERSION = YES;
				CLANG_WARN_INFINITE_RECURSION = YES;
				CLANG_WARN_INT_CONVERSION = YES;
				CLANG_WARN_NON_LITERAL_NULL_CONVERSION = YES;
				CLANG_WARN_OBJC_IMPLICIT_RETAIN_SELF = YES;
				CLANG_WARN_OBJC_LITERAL_CONVERSION = YES;
				CLANG_WARN_OBJC_ROOT_CLASS = YES_ERROR;
				CLANG_WARN_QUOTED_INCLUDE_IN_FRAMEWORK_HEADER = YES;
				CLANG_WARN_RANGE_LOOP_ANALYSIS = YES;
				CLANG_WARN_STRICT_PROTOTYPES = YES;
				CLANG_WARN_SUSPICIOUS_MOVE = YES;
				CLANG_WARN_UNGUARDED_AVAILABILITY = YES_AGGRESSIVE;
				CLANG_WARN_UNREACHABLE_CODE = YES;
				CLANG_WARN__DUPLICATE_METHOD_MATCH = YES;
				COPY_PHASE_STRIP = NO;
				DEBUG_INFORMATION_FORMAT = dwarf;
				ENABLE_STRICT_OBJC_MSGSEND = YES;
				ENABLE_TESTABILITY = YES;
				GCC_C_LANGUAGE_STANDARD = gnu11;
				GCC_DYNAMIC_NO_PIC = NO;
				GCC_NO_COMMON_BLOCKS = YES;
				GCC_OPTIMIZATION_LEVEL = 0;
				GCC_PREPROCESSOR_DEFINITIONS = (
					"DEBUG=1",
					"$(inherited)",
				);
				GCC_WARN_64_TO_32_BIT_CONVERSION = YES;
				GCC_WARN_ABOUT_RETURN_TYPE = YES_ERROR;
				GCC_WARN_UNDECLARED_SELECTOR = YES;
				GCC_WARN_UNINITIALIZED_AUTOS = YES_AGGRESSIVE;
				GCC_WARN_UNUSED_FUNCTION = YES;
				GCC_WARN_UNUSED_VARIABLE = YES;
				IPHONEOS_DEPLOYMENT_TARGET = 15.2;
				MTL_ENABLE_DEBUG_INFO = INCLUDE_SOURCE;
				MTL_FAST_MATH = YES;
				ONLY_ACTIVE_ARCH = YES;
				SDKROOT = iphoneos;
				SWIFT_ACTIVE_COMPILATION_CONDITIONS = DEBUG;
				SWIFT_OPTIMIZATION_LEVEL = "-Onone";
			};
			name = Debug;
		};
		032EF16327E44FFE007F2A77 /* Release */ = {
			isa = XCBuildConfiguration;
			buildSettings = {
				ALWAYS_SEARCH_USER_PATHS = NO;
				CLANG_ANALYZER_NONNULL = YES;
				CLANG_ANALYZER_NUMBER_OBJECT_CONVERSION = YES_AGGRESSIVE;
				CLANG_CXX_LANGUAGE_STANDARD = "gnu++17";
				CLANG_CXX_LIBRARY = "libc++";
				CLANG_ENABLE_MODULES = YES;
				CLANG_ENABLE_OBJC_ARC = YES;
				CLANG_ENABLE_OBJC_WEAK = YES;
				CLANG_WARN_BLOCK_CAPTURE_AUTORELEASING = YES;
				CLANG_WARN_BOOL_CONVERSION = YES;
				CLANG_WARN_COMMA = YES;
				CLANG_WARN_CONSTANT_CONVERSION = YES;
				CLANG_WARN_DEPRECATED_OBJC_IMPLEMENTATIONS = YES;
				CLANG_WARN_DIRECT_OBJC_ISA_USAGE = YES_ERROR;
				CLANG_WARN_DOCUMENTATION_COMMENTS = YES;
				CLANG_WARN_EMPTY_BODY = YES;
				CLANG_WARN_ENUM_CONVERSION = YES;
				CLANG_WARN_INFINITE_RECURSION = YES;
				CLANG_WARN_INT_CONVERSION = YES;
				CLANG_WARN_NON_LITERAL_NULL_CONVERSION = YES;
				CLANG_WARN_OBJC_IMPLICIT_RETAIN_SELF = YES;
				CLANG_WARN_OBJC_LITERAL_CONVERSION = YES;
				CLANG_WARN_OBJC_ROOT_CLASS = YES_ERROR;
				CLANG_WARN_QUOTED_INCLUDE_IN_FRAMEWORK_HEADER = YES;
				CLANG_WARN_RANGE_LOOP_ANALYSIS = YES;
				CLANG_WARN_STRICT_PROTOTYPES = YES;
				CLANG_WARN_SUSPICIOUS_MOVE = YES;
				CLANG_WARN_UNGUARDED_AVAILABILITY = YES_AGGRESSIVE;
				CLANG_WARN_UNREACHABLE_CODE = YES;
				CLANG_WARN__DUPLICATE_METHOD_MATCH = YES;
				COPY_PHASE_STRIP = NO;
				DEBUG_INFORMATION_FORMAT = "dwarf-with-dsym";
				ENABLE_NS_ASSERTIONS = NO;
				ENABLE_STRICT_OBJC_MSGSEND = YES;
				GCC_C_LANGUAGE_STANDARD = gnu11;
				GCC_NO_COMMON_BLOCKS = YES;
				GCC_WARN_64_TO_32_BIT_CONVERSION = YES;
				GCC_WARN_ABOUT_RETURN_TYPE = YES_ERROR;
				GCC_WARN_UNDECLARED_SELECTOR = YES;
				GCC_WARN_UNINITIALIZED_AUTOS = YES_AGGRESSIVE;
				GCC_WARN_UNUSED_FUNCTION = YES;
				GCC_WARN_UNUSED_VARIABLE = YES;
				IPHONEOS_DEPLOYMENT_TARGET = 15.2;
				MTL_ENABLE_DEBUG_INFO = NO;
				MTL_FAST_MATH = YES;
				SDKROOT = iphoneos;
				SWIFT_COMPILATION_MODE = wholemodule;
				SWIFT_OPTIMIZATION_LEVEL = "-O";
				VALIDATE_PRODUCT = YES;
			};
			name = Release;
		};
		032EF16527E44FFE007F2A77 /* Debug */ = {
			isa = XCBuildConfiguration;
			buildSettings = {
				ASSETCATALOG_COMPILER_APPICON_NAME = AppIcon;
				ASSETCATALOG_COMPILER_GLOBAL_ACCENT_COLOR_NAME = AccentColor;
				CODE_SIGN_STYLE = Automatic;
				CURRENT_PROJECT_VERSION = 1;
				DEVELOPMENT_ASSET_PATHS = "\"SampleRangeSlider/Preview Content\"";
				DEVELOPMENT_TEAM = 79XFQ8S9YT;
				ENABLE_PREVIEWS = YES;
				GENERATE_INFOPLIST_FILE = YES;
				INFOPLIST_KEY_UIApplicationSceneManifest_Generation = YES;
				INFOPLIST_KEY_UIApplicationSupportsIndirectInputEvents = YES;
				INFOPLIST_KEY_UILaunchScreen_Generation = YES;
				INFOPLIST_KEY_UISupportedInterfaceOrientations_iPad = "UIInterfaceOrientationPortrait UIInterfaceOrientationPortraitUpsideDown UIInterfaceOrientationLandscapeLeft UIInterfaceOrientationLandscapeRight";
				INFOPLIST_KEY_UISupportedInterfaceOrientations_iPhone = "UIInterfaceOrientationPortrait UIInterfaceOrientationLandscapeLeft UIInterfaceOrientationLandscapeRight";
				IPHONEOS_DEPLOYMENT_TARGET = 14.0;
				LD_RUNPATH_SEARCH_PATHS = (
					"$(inherited)",
					"@executable_path/Frameworks",
				);
				MARKETING_VERSION = 1.0;
				PRODUCT_BUNDLE_IDENTIFIER = tsurumotokentaro.SampleRangeSlider;
				PRODUCT_NAME = "$(TARGET_NAME)";
				SWIFT_EMIT_LOC_STRINGS = YES;
				SWIFT_VERSION = 5.0;
				TARGETED_DEVICE_FAMILY = "1,2";
			};
			name = Debug;
		};
		032EF16627E44FFE007F2A77 /* Release */ = {
			isa = XCBuildConfiguration;
			buildSettings = {
				ASSETCATALOG_COMPILER_APPICON_NAME = AppIcon;
				ASSETCATALOG_COMPILER_GLOBAL_ACCENT_COLOR_NAME = AccentColor;
				CODE_SIGN_STYLE = Automatic;
				CURRENT_PROJECT_VERSION = 1;
				DEVELOPMENT_ASSET_PATHS = "\"SampleRangeSlider/Preview Content\"";
				DEVELOPMENT_TEAM = 79XFQ8S9YT;
				ENABLE_PREVIEWS = YES;
				GENERATE_INFOPLIST_FILE = YES;
				INFOPLIST_KEY_UIApplicationSceneManifest_Generation = YES;
				INFOPLIST_KEY_UIApplicationSupportsIndirectInputEvents = YES;
				INFOPLIST_KEY_UILaunchScreen_Generation = YES;
				INFOPLIST_KEY_UISupportedInterfaceOrientations_iPad = "UIInterfaceOrientationPortrait UIInterfaceOrientationPortraitUpsideDown UIInterfaceOrientationLandscapeLeft UIInterfaceOrientationLandscapeRight";
				INFOPLIST_KEY_UISupportedInterfaceOrientations_iPhone = "UIInterfaceOrientationPortrait UIInterfaceOrientationLandscapeLeft UIInterfaceOrientationLandscapeRight";
				IPHONEOS_DEPLOYMENT_TARGET = 14.0;
				LD_RUNPATH_SEARCH_PATHS = (
					"$(inherited)",
					"@executable_path/Frameworks",
				);
				MARKETING_VERSION = 1.0;
				PRODUCT_BUNDLE_IDENTIFIER = tsurumotokentaro.SampleRangeSlider;
				PRODUCT_NAME = "$(TARGET_NAME)";
				SWIFT_EMIT_LOC_STRINGS = YES;
				SWIFT_VERSION = 5.0;
				TARGETED_DEVICE_FAMILY = "1,2";
			};
			name = Release;
		};
		032EF16827E44FFE007F2A77 /* Debug */ = {
			isa = XCBuildConfiguration;
			buildSettings = {
				ALWAYS_EMBED_SWIFT_STANDARD_LIBRARIES = YES;
				BUNDLE_LOADER = "$(TEST_HOST)";
				CODE_SIGN_STYLE = Automatic;
				CURRENT_PROJECT_VERSION = 1;
				DEVELOPMENT_TEAM = 79XFQ8S9YT;
				GENERATE_INFOPLIST_FILE = YES;
				IPHONEOS_DEPLOYMENT_TARGET = 15.2;
				MARKETING_VERSION = 1.0;
				PRODUCT_BUNDLE_IDENTIFIER = tsurumotokentaro.SampleRangeSliderTests;
				PRODUCT_NAME = "$(TARGET_NAME)";
				SWIFT_EMIT_LOC_STRINGS = NO;
				SWIFT_VERSION = 5.0;
				TARGETED_DEVICE_FAMILY = "1,2";
				TEST_HOST = "$(BUILT_PRODUCTS_DIR)/SampleRangeSlider.app/SampleRangeSlider";
			};
			name = Debug;
		};
		032EF16927E44FFE007F2A77 /* Release */ = {
			isa = XCBuildConfiguration;
			buildSettings = {
				ALWAYS_EMBED_SWIFT_STANDARD_LIBRARIES = YES;
				BUNDLE_LOADER = "$(TEST_HOST)";
				CODE_SIGN_STYLE = Automatic;
				CURRENT_PROJECT_VERSION = 1;
				DEVELOPMENT_TEAM = 79XFQ8S9YT;
				GENERATE_INFOPLIST_FILE = YES;
				IPHONEOS_DEPLOYMENT_TARGET = 15.2;
				MARKETING_VERSION = 1.0;
				PRODUCT_BUNDLE_IDENTIFIER = tsurumotokentaro.SampleRangeSliderTests;
				PRODUCT_NAME = "$(TARGET_NAME)";
				SWIFT_EMIT_LOC_STRINGS = NO;
				SWIFT_VERSION = 5.0;
				TARGETED_DEVICE_FAMILY = "1,2";
				TEST_HOST = "$(BUILT_PRODUCTS_DIR)/SampleRangeSlider.app/SampleRangeSlider";
			};
			name = Release;
		};
		032EF16B27E44FFE007F2A77 /* Debug */ = {
			isa = XCBuildConfiguration;
			buildSettings = {
				ALWAYS_EMBED_SWIFT_STANDARD_LIBRARIES = YES;
				CODE_SIGN_STYLE = Automatic;
				CURRENT_PROJECT_VERSION = 1;
				DEVELOPMENT_TEAM = 79XFQ8S9YT;
				GENERATE_INFOPLIST_FILE = YES;
				MARKETING_VERSION = 1.0;
				PRODUCT_BUNDLE_IDENTIFIER = tsurumotokentaro.SampleRangeSliderUITests;
				PRODUCT_NAME = "$(TARGET_NAME)";
				SWIFT_EMIT_LOC_STRINGS = NO;
				SWIFT_VERSION = 5.0;
				TARGETED_DEVICE_FAMILY = "1,2";
				TEST_TARGET_NAME = SampleRangeSlider;
			};
			name = Debug;
		};
		032EF16C27E44FFE007F2A77 /* Release */ = {
			isa = XCBuildConfiguration;
			buildSettings = {
				ALWAYS_EMBED_SWIFT_STANDARD_LIBRARIES = YES;
				CODE_SIGN_STYLE = Automatic;
				CURRENT_PROJECT_VERSION = 1;
				DEVELOPMENT_TEAM = 79XFQ8S9YT;
				GENERATE_INFOPLIST_FILE = YES;
				MARKETING_VERSION = 1.0;
				PRODUCT_BUNDLE_IDENTIFIER = tsurumotokentaro.SampleRangeSliderUITests;
				PRODUCT_NAME = "$(TARGET_NAME)";
				SWIFT_EMIT_LOC_STRINGS = NO;
				SWIFT_VERSION = 5.0;
				TARGETED_DEVICE_FAMILY = "1,2";
				TEST_TARGET_NAME = SampleRangeSlider;
			};
			name = Release;
		};
/* End XCBuildConfiguration section */

/* Begin XCConfigurationList section */
		032EF13B27E44FFD007F2A77 /* Build configuration list for PBXProject "SampleRangeSlider" */ = {
			isa = XCConfigurationList;
			buildConfigurations = (
				032EF16227E44FFE007F2A77 /* Debug */,
				032EF16327E44FFE007F2A77 /* Release */,
			);
			defaultConfigurationIsVisible = 0;
			defaultConfigurationName = Release;
		};
		032EF16427E44FFE007F2A77 /* Build configuration list for PBXNativeTarget "SampleRangeSlider" */ = {
			isa = XCConfigurationList;
			buildConfigurations = (
				032EF16527E44FFE007F2A77 /* Debug */,
				032EF16627E44FFE007F2A77 /* Release */,
			);
			defaultConfigurationIsVisible = 0;
			defaultConfigurationName = Release;
		};
		032EF16727E44FFE007F2A77 /* Build configuration list for PBXNativeTarget "SampleRangeSliderTests" */ = {
			isa = XCConfigurationList;
			buildConfigurations = (
				032EF16827E44FFE007F2A77 /* Debug */,
				032EF16927E44FFE007F2A77 /* Release */,
			);
			defaultConfigurationIsVisible = 0;
			defaultConfigurationName = Release;
		};
		032EF16A27E44FFE007F2A77 /* Build configuration list for PBXNativeTarget "SampleRangeSliderUITests" */ = {
			isa = XCConfigurationList;
			buildConfigurations = (
				032EF16B27E44FFE007F2A77 /* Debug */,
				032EF16C27E44FFE007F2A77 /* Release */,
			);
			defaultConfigurationIsVisible = 0;
			defaultConfigurationName = Release;
		};
/* End XCConfigurationList section */
	};
	rootObject = 032EF13827E44FFD007F2A77 /* Project object */;
}
